hash: cfed34dd6816f321ef7e488f891bc9ccaef7b8d3cc003bfefc33d7c85e8954b4
updated: 2017-07-12T16:31:59.8825965-07:00
imports:
- name: github.com/Azure/azure-sdk-for-go
  version: 59c277f1b488b81b1a5f944212f25b69bea8ece3
  subpackages:
  - arm/compute
  - arm/network
  - arm/resources/resources
  - arm/storage
- name: github.com/Azure/go-autorest
  version: 5b4b9cc27e8f7150d75a133d74b176a067b7e7b6
  subpackages:
  - autorest
  - autorest/adal
  - autorest/azure
  - autorest/date
  - autorest/to
  - autorest/validation
- name: github.com/dgrijalva/jwt-go
  version: a539ee1a749a2b895533f979515ac7e6e0f5b650
testImports: []
